// !$*UTF8*$!
{
	archiveVersion = 1;
	classes = {
	};
	objectVersion = 46;
	objects = {

/* Begin PBXBuildFile section */
		F12DD86518AB2291001AE4F9 /* ArgosModel.xcdatamodeld in Sources */ = {isa = PBXBuildFile; fileRef = F12DD86318AB2291001AE4F9 /* ArgosModel.xcdatamodeld */; };
		F1405C2418973C4C00A4819D /* Foundation.framework in Frameworks */ = {isa = PBXBuildFile; fileRef = F1405C2318973C4C00A4819D /* Foundation.framework */; };
		F1405C2618973C4C00A4819D /* CoreGraphics.framework in Frameworks */ = {isa = PBXBuildFile; fileRef = F1405C2518973C4C00A4819D /* CoreGraphics.framework */; };
		F1405C2818973C4C00A4819D /* UIKit.framework in Frameworks */ = {isa = PBXBuildFile; fileRef = F1405C2718973C4C00A4819D /* UIKit.framework */; };
		F1405C2E18973C4C00A4819D /* InfoPlist.strings in Resources */ = {isa = PBXBuildFile; fileRef = F1405C2C18973C4C00A4819D /* InfoPlist.strings */; };
		F1405C3018973C4C00A4819D /* main.m in Sources */ = {isa = PBXBuildFile; fileRef = F1405C2F18973C4C00A4819D /* main.m */; };
		F1405C3418973C4C00A4819D /* AppDelegate.m in Sources */ = {isa = PBXBuildFile; fileRef = F1405C3318973C4C00A4819D /* AppDelegate.m */; };
		F1405C3618973C4C00A4819D /* Images.xcassets in Resources */ = {isa = PBXBuildFile; fileRef = F1405C3518973C4C00A4819D /* Images.xcassets */; };
		F1405C3D18973C4C00A4819D /* XCTest.framework in Frameworks */ = {isa = PBXBuildFile; fileRef = F1405C3C18973C4C00A4819D /* XCTest.framework */; };
		F1405C3E18973C4C00A4819D /* Foundation.framework in Frameworks */ = {isa = PBXBuildFile; fileRef = F1405C2318973C4C00A4819D /* Foundation.framework */; };
		F1405C3F18973C4C00A4819D /* UIKit.framework in Frameworks */ = {isa = PBXBuildFile; fileRef = F1405C2718973C4C00A4819D /* UIKit.framework */; };
		F1405C4718973C4C00A4819D /* InfoPlist.strings in Resources */ = {isa = PBXBuildFile; fileRef = F1405C4518973C4C00A4819D /* InfoPlist.strings */; };
		F1405C4918973C4C00A4819D /* ArgosTests.m in Sources */ = {isa = PBXBuildFile; fileRef = F1405C4818973C4C00A4819D /* ArgosTests.m */; };
		F143295C18B30A7B00A76D97 /* SummaryTemplate.html in Resources */ = {isa = PBXBuildFile; fileRef = F143295B18B30A7B00A76D97 /* SummaryTemplate.html */; };
		F143295F18B30FF500A76D97 /* ARScrollView.m in Sources */ = {isa = PBXBuildFile; fileRef = F143295E18B30FF500A76D97 /* ARScrollView.m */; };
		F14603B418A41FB100A85E0F /* SystemConfiguration.framework in Frameworks */ = {isa = PBXBuildFile; fileRef = F14603B318A41FB100A85E0F /* SystemConfiguration.framework */; };
		F14603B718A4288400A85E0F /* ReachabilityManager.m in Sources */ = {isa = PBXBuildFile; fileRef = F14603B618A4288400A85E0F /* ReachabilityManager.m */; };
		F1601C0918ABDC3800C89590 /* ARObjectManager.m in Sources */ = {isa = PBXBuildFile; fileRef = F1601C0818ABDC3800C89590 /* ARObjectManager.m */; };
		F1601C2618ADBA7400C89590 /* LoginViewController.m in Sources */ = {isa = PBXBuildFile; fileRef = F1601C2318ADBA7400C89590 /* LoginViewController.m */; };
		F1601C2718ADBA7400C89590 /* MenuViewController.m in Sources */ = {isa = PBXBuildFile; fileRef = F1601C2518ADBA7400C89590 /* MenuViewController.m */; };
		F1601C2C18ADBA7F00C89590 /* EventDetailViewController.m in Sources */ = {isa = PBXBuildFile; fileRef = F1601C2818ADBA7F00C89590 /* EventDetailViewController.m */; };
		F1601C2D18ADBA7F00C89590 /* EventListViewController.m in Sources */ = {isa = PBXBuildFile; fileRef = F1601C2918ADBA7F00C89590 /* EventListViewController.m */; };
		F1601C3018ADBA8800C89590 /* StoryDetailViewController.m in Sources */ = {isa = PBXBuildFile; fileRef = F1601C2F18ADBA8800C89590 /* StoryDetailViewController.m */; };
		F1601C3D18ADBA9500C89590 /* ARDetailViewController.m in Sources */ = {isa = PBXBuildFile; fileRef = F1601C3218ADBA9500C89590 /* ARDetailViewController.m */; };
		F1601C3E18ADBA9500C89590 /* AREmbeddedTableView.m in Sources */ = {isa = PBXBuildFile; fileRef = F1601C3418ADBA9500C89590 /* AREmbeddedTableView.m */; };
		F1601C3F18ADBA9500C89590 /* ARTableViewCell.m in Sources */ = {isa = PBXBuildFile; fileRef = F1601C3618ADBA9500C89590 /* ARTableViewCell.m */; };
		F1601C4018ADBA9500C89590 /* ARSectionHeaderView.m in Sources */ = {isa = PBXBuildFile; fileRef = F1601C3818ADBA9500C89590 /* ARSectionHeaderView.m */; };
		F1601C4118ADBA9500C89590 /* ARSummaryView.m in Sources */ = {isa = PBXBuildFile; fileRef = F1601C3A18ADBA9500C89590 /* ARSummaryView.m */; };
		F1601C4218ADBA9500C89590 /* ARTextButton.m in Sources */ = {isa = PBXBuildFile; fileRef = F1601C3C18ADBA9500C89590 /* ARTextButton.m */; };
		F16148CE18B3E6A800948933 /* ArticleWebViewController.m in Sources */ = {isa = PBXBuildFile; fileRef = F16148CD18B3E6A800948933 /* ArticleWebViewController.m */; };
		F16148D118B5278700948933 /* ARShareViewController.m in Sources */ = {isa = PBXBuildFile; fileRef = F16148D018B5278700948933 /* ARShareViewController.m */; };
		F16148D418B53AF100948933 /* ARFontViewController.m in Sources */ = {isa = PBXBuildFile; fileRef = F16148D318B53AF100948933 /* ARFontViewController.m */; };
		F16148F118B6728D00948933 /* CurrentUser.m in Sources */ = {isa = PBXBuildFile; fileRef = F16148F018B6728D00948933 /* CurrentUser.m */; };
		F162C0A718B6EB9600B38A15 /* defaultPrefs.plist in Resources */ = {isa = PBXBuildFile; fileRef = F162C0A618B6EB9600B38A15 /* defaultPrefs.plist */; };
		F162C0AD18B986A900B38A15 /* Source.m in Sources */ = {isa = PBXBuildFile; fileRef = F162C0AC18B986A900B38A15 /* Source.m */; };
		F1C6D6CB18B2C3A600129552 /* UIColor+ArgosColors.m in Sources */ = {isa = PBXBuildFile; fileRef = F1C6D6CA18B2C3A600129552 /* UIColor+ArgosColors.m */; };
		F1C6D6CE18B2CE7D00129552 /* NSDate+DateUtils.m in Sources */ = {isa = PBXBuildFile; fileRef = F1C6D6CD18B2CE7D00129552 /* NSDate+DateUtils.m */; };
		F1C6D6E418B2E29500129552 /* KlinicSlabBold.otf in Resources */ = {isa = PBXBuildFile; fileRef = F1C6D6DB18B2E29500129552 /* KlinicSlabBold.otf */; };
		F1C6D6E518B2E29500129552 /* KlinicSlabBoldIt.otf in Resources */ = {isa = PBXBuildFile; fileRef = F1C6D6DC18B2E29500129552 /* KlinicSlabBoldIt.otf */; };
		F1C6D6E618B2E29500129552 /* KlinicSlabBook.otf in Resources */ = {isa = PBXBuildFile; fileRef = F1C6D6DD18B2E29500129552 /* KlinicSlabBook.otf */; };
		F1C6D6E718B2E29500129552 /* KlinicSlabBookIt.otf in Resources */ = {isa = PBXBuildFile; fileRef = F1C6D6DE18B2E29500129552 /* KlinicSlabBookIt.otf */; };
		F1C6D6E818B2E29500129552 /* KlinicSlabLight.otf in Resources */ = {isa = PBXBuildFile; fileRef = F1C6D6DF18B2E29500129552 /* KlinicSlabLight.otf */; };
		F1C6D6E918B2E29500129552 /* KlinicSlabLightIt.otf in Resources */ = {isa = PBXBuildFile; fileRef = F1C6D6E018B2E29500129552 /* KlinicSlabLightIt.otf */; };
		F1C6D6EA18B2E29500129552 /* KlinicSlabMedium.otf in Resources */ = {isa = PBXBuildFile; fileRef = F1C6D6E118B2E29500129552 /* KlinicSlabMedium.otf */; };
		F1C6D6EB18B2E29500129552 /* KlinicSlabMediumIt.otf in Resources */ = {isa = PBXBuildFile; fileRef = F1C6D6E218B2E29500129552 /* KlinicSlabMediumIt.otf */; };
		F1C6D6EC18B2E29500129552 /* Personal Use License.txt in Resources */ = {isa = PBXBuildFile; fileRef = F1C6D6E318B2E29500129552 /* Personal Use License.txt */; };
		F1C6D6F018B2F34300129552 /* EntityDetailViewController.m in Sources */ = {isa = PBXBuildFile; fileRef = F1C6D6EF18B2F34300129552 /* EntityDetailViewController.m */; };
		F1C6D6F318B2F4AC00129552 /* Entity.m in Sources */ = {isa = PBXBuildFile; fileRef = F1C6D6F218B2F4AC00129552 /* Entity.m */; };
		F1C6D6F618B2F4AC00129552 /* Event.m in Sources */ = {isa = PBXBuildFile; fileRef = F1C6D6F518B2F4AC00129552 /* Event.m */; };
		F1C6D6F918B2F4AC00129552 /* Story.m in Sources */ = {isa = PBXBuildFile; fileRef = F1C6D6F818B2F4AC00129552 /* Story.m */; };
		F1C6D6FC18B2F4AC00129552 /* Article.m in Sources */ = {isa = PBXBuildFile; fileRef = F1C6D6FB18B2F4AC00129552 /* Article.m */; };
		F6F156ABA0F24BC79905B54D /* libPods.a in Frameworks */ = {isa = PBXBuildFile; fileRef = 4C8E5860754E44B8B98A352E /* libPods.a */; };
/* End PBXBuildFile section */

/* Begin PBXContainerItemProxy section */
		F1405C4018973C4C00A4819D /* PBXContainerItemProxy */ = {
			isa = PBXContainerItemProxy;
			containerPortal = F1405C1818973C4C00A4819D /* Project object */;
			proxyType = 1;
			remoteGlobalIDString = F1405C1F18973C4C00A4819D;
			remoteInfo = Argos;
		};
/* End PBXContainerItemProxy section */

/* Begin PBXFileReference section */
		4C8E5860754E44B8B98A352E /* libPods.a */ = {isa = PBXFileReference; explicitFileType = archive.ar; includeInIndex = 0; path = libPods.a; sourceTree = BUILT_PRODUCTS_DIR; };
		E8A5646DE71C4BB8A4462DA0 /* Pods.xcconfig */ = {isa = PBXFileReference; includeInIndex = 1; lastKnownFileType = text.xcconfig; name = Pods.xcconfig; path = Pods/Pods.xcconfig; sourceTree = "<group>"; };
		F12DD86418AB2291001AE4F9 /* ArgosModel.xcdatamodel */ = {isa = PBXFileReference; lastKnownFileType = wrapper.xcdatamodel; path = ArgosModel.xcdatamodel; sourceTree = "<group>"; };
		F1405C2018973C4C00A4819D /* Argos.app */ = {isa = PBXFileReference; explicitFileType = wrapper.application; includeInIndex = 0; path = Argos.app; sourceTree = BUILT_PRODUCTS_DIR; };
		F1405C2318973C4C00A4819D /* Foundation.framework */ = {isa = PBXFileReference; lastKnownFileType = wrapper.framework; name = Foundation.framework; path = System/Library/Frameworks/Foundation.framework; sourceTree = SDKROOT; };
		F1405C2518973C4C00A4819D /* CoreGraphics.framework */ = {isa = PBXFileReference; lastKnownFileType = wrapper.framework; name = CoreGraphics.framework; path = System/Library/Frameworks/CoreGraphics.framework; sourceTree = SDKROOT; };
		F1405C2718973C4C00A4819D /* UIKit.framework */ = {isa = PBXFileReference; lastKnownFileType = wrapper.framework; name = UIKit.framework; path = System/Library/Frameworks/UIKit.framework; sourceTree = SDKROOT; };
		F1405C2B18973C4C00A4819D /* Argos-Info.plist */ = {isa = PBXFileReference; lastKnownFileType = text.plist.xml; path = "Argos-Info.plist"; sourceTree = "<group>"; };
		F1405C2D18973C4C00A4819D /* en */ = {isa = PBXFileReference; lastKnownFileType = text.plist.strings; name = en; path = en.lproj/InfoPlist.strings; sourceTree = "<group>"; };
		F1405C2F18973C4C00A4819D /* main.m */ = {isa = PBXFileReference; lastKnownFileType = sourcecode.c.objc; path = main.m; sourceTree = "<group>"; };
		F1405C3118973C4C00A4819D /* Argos-Prefix.pch */ = {isa = PBXFileReference; lastKnownFileType = sourcecode.c.h; path = "Argos-Prefix.pch"; sourceTree = "<group>"; };
		F1405C3218973C4C00A4819D /* AppDelegate.h */ = {isa = PBXFileReference; lastKnownFileType = sourcecode.c.h; path = AppDelegate.h; sourceTree = "<group>"; };
		F1405C3318973C4C00A4819D /* AppDelegate.m */ = {isa = PBXFileReference; lastKnownFileType = sourcecode.c.objc; path = AppDelegate.m; sourceTree = "<group>"; };
		F1405C3518973C4C00A4819D /* Images.xcassets */ = {isa = PBXFileReference; lastKnownFileType = folder.assetcatalog; path = Images.xcassets; sourceTree = "<group>"; };
		F1405C3B18973C4C00A4819D /* ArgosTests.xctest */ = {isa = PBXFileReference; explicitFileType = wrapper.cfbundle; includeInIndex = 0; path = ArgosTests.xctest; sourceTree = BUILT_PRODUCTS_DIR; };
		F1405C3C18973C4C00A4819D /* XCTest.framework */ = {isa = PBXFileReference; lastKnownFileType = wrapper.framework; name = XCTest.framework; path = Library/Frameworks/XCTest.framework; sourceTree = DEVELOPER_DIR; };
		F1405C4418973C4C00A4819D /* ArgosTests-Info.plist */ = {isa = PBXFileReference; lastKnownFileType = text.plist.xml; path = "ArgosTests-Info.plist"; sourceTree = "<group>"; };
		F1405C4618973C4C00A4819D /* en */ = {isa = PBXFileReference; lastKnownFileType = text.plist.strings; name = en; path = en.lproj/InfoPlist.strings; sourceTree = "<group>"; };
		F1405C4818973C4C00A4819D /* ArgosTests.m */ = {isa = PBXFileReference; lastKnownFileType = sourcecode.c.objc; path = ArgosTests.m; sourceTree = "<group>"; };
		F143295B18B30A7B00A76D97 /* SummaryTemplate.html */ = {isa = PBXFileReference; fileEncoding = 4; lastKnownFileType = text.html; path = SummaryTemplate.html; sourceTree = "<group>"; };
		F143295D18B30FF500A76D97 /* ARScrollView.h */ = {isa = PBXFileReference; fileEncoding = 4; lastKnownFileType = sourcecode.c.h; name = ARScrollView.h; path = Classes/UI/ARScrollView.h; sourceTree = "<group>"; };
		F143295E18B30FF500A76D97 /* ARScrollView.m */ = {isa = PBXFileReference; fileEncoding = 4; lastKnownFileType = sourcecode.c.objc; name = ARScrollView.m; path = Classes/UI/ARScrollView.m; sourceTree = "<group>"; };
		F14603B318A41FB100A85E0F /* SystemConfiguration.framework */ = {isa = PBXFileReference; lastKnownFileType = wrapper.framework; name = SystemConfiguration.framework; path = System/Library/Frameworks/SystemConfiguration.framework; sourceTree = SDKROOT; };
		F14603B518A4288400A85E0F /* ReachabilityManager.h */ = {isa = PBXFileReference; fileEncoding = 4; lastKnownFileType = sourcecode.c.h; path = ReachabilityManager.h; sourceTree = "<group>"; };
		F14603B618A4288400A85E0F /* ReachabilityManager.m */ = {isa = PBXFileReference; fileEncoding = 4; lastKnownFileType = sourcecode.c.objc; path = ReachabilityManager.m; sourceTree = "<group>"; };
		F1601C0718ABDC3800C89590 /* ARObjectManager.h */ = {isa = PBXFileReference; fileEncoding = 4; lastKnownFileType = sourcecode.c.h; path = ARObjectManager.h; sourceTree = "<group>"; };
		F1601C0818ABDC3800C89590 /* ARObjectManager.m */ = {isa = PBXFileReference; fileEncoding = 4; lastKnownFileType = sourcecode.c.objc; path = ARObjectManager.m; sourceTree = "<group>"; };
		F1601C2218ADBA7400C89590 /* LoginViewController.h */ = {isa = PBXFileReference; fileEncoding = 4; lastKnownFileType = sourcecode.c.h; name = LoginViewController.h; path = "View Controllers/LoginViewController.h"; sourceTree = "<group>"; };
		F1601C2318ADBA7400C89590 /* LoginViewController.m */ = {isa = PBXFileReference; fileEncoding = 4; lastKnownFileType = sourcecode.c.objc; name = LoginViewController.m; path = "View Controllers/LoginViewController.m"; sourceTree = "<group>"; };
		F1601C2418ADBA7400C89590 /* MenuViewController.h */ = {isa = PBXFileReference; fileEncoding = 4; lastKnownFileType = sourcecode.c.h; name = MenuViewController.h; path = "View Controllers/MenuViewController.h"; sourceTree = "<group>"; };
		F1601C2518ADBA7400C89590 /* MenuViewController.m */ = {isa = PBXFileReference; fileEncoding = 4; lastKnownFileType = sourcecode.c.objc; name = MenuViewController.m; path = "View Controllers/MenuViewController.m"; sourceTree = "<group>"; };
		F1601C2818ADBA7F00C89590 /* EventDetailViewController.m */ = {isa = PBXFileReference; fileEncoding = 4; lastKnownFileType = sourcecode.c.objc; name = EventDetailViewController.m; path = "View Controllers/Events/EventDetailViewController.m"; sourceTree = "<group>"; };
		F1601C2918ADBA7F00C89590 /* EventListViewController.m */ = {isa = PBXFileReference; fileEncoding = 4; lastKnownFileType = sourcecode.c.objc; name = EventListViewController.m; path = "View Controllers/Events/EventListViewController.m"; sourceTree = "<group>"; };
		F1601C2A18ADBA7F00C89590 /* EventDetailViewController.h */ = {isa = PBXFileReference; fileEncoding = 4; lastKnownFileType = sourcecode.c.h; name = EventDetailViewController.h; path = "View Controllers/Events/EventDetailViewController.h"; sourceTree = "<group>"; };
		F1601C2B18ADBA7F00C89590 /* EventListViewController.h */ = {isa = PBXFileReference; fileEncoding = 4; lastKnownFileType = sourcecode.c.h; name = EventListViewController.h; path = "View Controllers/Events/EventListViewController.h"; sourceTree = "<group>"; };
		F1601C2E18ADBA8800C89590 /* StoryDetailViewController.h */ = {isa = PBXFileReference; fileEncoding = 4; lastKnownFileType = sourcecode.c.h; name = StoryDetailViewController.h; path = "View Controllers/Stories/StoryDetailViewController.h"; sourceTree = "<group>"; };
		F1601C2F18ADBA8800C89590 /* StoryDetailViewController.m */ = {isa = PBXFileReference; fileEncoding = 4; lastKnownFileType = sourcecode.c.objc; name = StoryDetailViewController.m; path = "View Controllers/Stories/StoryDetailViewController.m"; sourceTree = "<group>"; };
		F1601C3118ADBA9500C89590 /* ARDetailViewController.h */ = {isa = PBXFileReference; fileEncoding = 4; lastKnownFileType = sourcecode.c.h; name = ARDetailViewController.h; path = Classes/UI/ARDetailViewController.h; sourceTree = "<group>"; };
		F1601C3218ADBA9500C89590 /* ARDetailViewController.m */ = {isa = PBXFileReference; fileEncoding = 4; lastKnownFileType = sourcecode.c.objc; name = ARDetailViewController.m; path = Classes/UI/ARDetailViewController.m; sourceTree = "<group>"; };
		F1601C3318ADBA9500C89590 /* AREmbeddedTableView.h */ = {isa = PBXFileReference; fileEncoding = 4; lastKnownFileType = sourcecode.c.h; name = AREmbeddedTableView.h; path = Classes/UI/AREmbeddedTableView.h; sourceTree = "<group>"; };
		F1601C3418ADBA9500C89590 /* AREmbeddedTableView.m */ = {isa = PBXFileReference; fileEncoding = 4; lastKnownFileType = sourcecode.c.objc; name = AREmbeddedTableView.m; path = Classes/UI/AREmbeddedTableView.m; sourceTree = "<group>"; };
		F1601C3518ADBA9500C89590 /* ARTableViewCell.h */ = {isa = PBXFileReference; fileEncoding = 4; lastKnownFileType = sourcecode.c.h; name = ARTableViewCell.h; path = Classes/UI/ARTableViewCell.h; sourceTree = "<group>"; };
		F1601C3618ADBA9500C89590 /* ARTableViewCell.m */ = {isa = PBXFileReference; fileEncoding = 4; lastKnownFileType = sourcecode.c.objc; name = ARTableViewCell.m; path = Classes/UI/ARTableViewCell.m; sourceTree = "<group>"; };
		F1601C3718ADBA9500C89590 /* ARSectionHeaderView.h */ = {isa = PBXFileReference; fileEncoding = 4; lastKnownFileType = sourcecode.c.h; name = ARSectionHeaderView.h; path = Classes/UI/ARSectionHeaderView.h; sourceTree = "<group>"; };
		F1601C3818ADBA9500C89590 /* ARSectionHeaderView.m */ = {isa = PBXFileReference; fileEncoding = 4; lastKnownFileType = sourcecode.c.objc; name = ARSectionHeaderView.m; path = Classes/UI/ARSectionHeaderView.m; sourceTree = "<group>"; };
		F1601C3918ADBA9500C89590 /* ARSummaryView.h */ = {isa = PBXFileReference; fileEncoding = 4; lastKnownFileType = sourcecode.c.h; name = ARSummaryView.h; path = Classes/UI/ARSummaryView.h; sourceTree = "<group>"; };
		F1601C3A18ADBA9500C89590 /* ARSummaryView.m */ = {isa = PBXFileReference; fileEncoding = 4; lastKnownFileType = sourcecode.c.objc; name = ARSummaryView.m; path = Classes/UI/ARSummaryView.m; sourceTree = "<group>"; };
		F1601C3B18ADBA9500C89590 /* ARTextButton.h */ = {isa = PBXFileReference; fileEncoding = 4; lastKnownFileType = sourcecode.c.h; name = ARTextButton.h; path = Classes/UI/ARTextButton.h; sourceTree = "<group>"; };
		F1601C3C18ADBA9500C89590 /* ARTextButton.m */ = {isa = PBXFileReference; fileEncoding = 4; lastKnownFileType = sourcecode.c.objc; name = ARTextButton.m; path = Classes/UI/ARTextButton.m; sourceTree = "<group>"; };
		F16148CC18B3E6A800948933 /* ArticleWebViewController.h */ = {isa = PBXFileReference; fileEncoding = 4; lastKnownFileType = sourcecode.c.h; name = ArticleWebViewController.h; path = "View Controllers/Articles/ArticleWebViewController.h"; sourceTree = "<group>"; };
		F16148CD18B3E6A800948933 /* ArticleWebViewController.m */ = {isa = PBXFileReference; fileEncoding = 4; lastKnownFileType = sourcecode.c.objc; name = ArticleWebViewController.m; path = "View Controllers/Articles/ArticleWebViewController.m"; sourceTree = "<group>"; };
		F16148CF18B5278700948933 /* ARShareViewController.h */ = {isa = PBXFileReference; fileEncoding = 4; lastKnownFileType = sourcecode.c.h; name = ARShareViewController.h; path = Classes/UI/ARShareViewController.h; sourceTree = "<group>"; };
		F16148D018B5278700948933 /* ARShareViewController.m */ = {isa = PBXFileReference; fileEncoding = 4; lastKnownFileType = sourcecode.c.objc; name = ARShareViewController.m; path = Classes/UI/ARShareViewController.m; sourceTree = "<group>"; };
		F16148D218B53AF100948933 /* ARFontViewController.h */ = {isa = PBXFileReference; fileEncoding = 4; lastKnownFileType = sourcecode.c.h; name = ARFontViewController.h; path = Classes/UI/ARFontViewController.h; sourceTree = "<group>"; };
		F16148D318B53AF100948933 /* ARFontViewController.m */ = {isa = PBXFileReference; fileEncoding = 4; lastKnownFileType = sourcecode.c.objc; name = ARFontViewController.m; path = Classes/UI/ARFontViewController.m; sourceTree = "<group>"; };
		F16148EF18B6728D00948933 /* CurrentUser.h */ = {isa = PBXFileReference; fileEncoding = 4; lastKnownFileType = sourcecode.c.h; name = CurrentUser.h; path = Classes/Models/CurrentUser.h; sourceTree = "<group>"; };
		F16148F018B6728D00948933 /* CurrentUser.m */ = {isa = PBXFileReference; fileEncoding = 4; lastKnownFileType = sourcecode.c.objc; name = CurrentUser.m; path = Classes/Models/CurrentUser.m; sourceTree = "<group>"; };
		F162C0A618B6EB9600B38A15 /* defaultPrefs.plist */ = {isa = PBXFileReference; fileEncoding = 4; lastKnownFileType = text.plist.xml; path = defaultPrefs.plist; sourceTree = "<group>"; };
		F162C0AB18B986A900B38A15 /* Source.h */ = {isa = PBXFileReference; fileEncoding = 4; lastKnownFileType = sourcecode.c.h; name = Source.h; path = Classes/Models/Source.h; sourceTree = "<group>"; };
		F162C0AC18B986A900B38A15 /* Source.m */ = {isa = PBXFileReference; fileEncoding = 4; lastKnownFileType = sourcecode.c.objc; name = Source.m; path = Classes/Models/Source.m; sourceTree = "<group>"; };
		F1C6D6C918B2C3A600129552 /* UIColor+ArgosColors.h */ = {isa = PBXFileReference; fileEncoding = 4; lastKnownFileType = sourcecode.c.h; path = "UIColor+ArgosColors.h"; sourceTree = "<group>"; };
		F1C6D6CA18B2C3A600129552 /* UIColor+ArgosColors.m */ = {isa = PBXFileReference; fileEncoding = 4; lastKnownFileType = sourcecode.c.objc; path = "UIColor+ArgosColors.m"; sourceTree = "<group>"; };
		F1C6D6CC18B2CE7D00129552 /* NSDate+DateUtils.h */ = {isa = PBXFileReference; fileEncoding = 4; lastKnownFileType = sourcecode.c.h; path = "NSDate+DateUtils.h"; sourceTree = "<group>"; };
		F1C6D6CD18B2CE7D00129552 /* NSDate+DateUtils.m */ = {isa = PBXFileReference; fileEncoding = 4; lastKnownFileType = sourcecode.c.objc; path = "NSDate+DateUtils.m"; sourceTree = "<group>"; };
		F1C6D6DB18B2E29500129552 /* KlinicSlabBold.otf */ = {isa = PBXFileReference; lastKnownFileType = file; path = KlinicSlabBold.otf; sourceTree = "<group>"; };
		F1C6D6DC18B2E29500129552 /* KlinicSlabBoldIt.otf */ = {isa = PBXFileReference; lastKnownFileType = file; path = KlinicSlabBoldIt.otf; sourceTree = "<group>"; };
		F1C6D6DD18B2E29500129552 /* KlinicSlabBook.otf */ = {isa = PBXFileReference; lastKnownFileType = file; path = KlinicSlabBook.otf; sourceTree = "<group>"; };
		F1C6D6DE18B2E29500129552 /* KlinicSlabBookIt.otf */ = {isa = PBXFileReference; lastKnownFileType = file; path = KlinicSlabBookIt.otf; sourceTree = "<group>"; };
		F1C6D6DF18B2E29500129552 /* KlinicSlabLight.otf */ = {isa = PBXFileReference; lastKnownFileType = file; path = KlinicSlabLight.otf; sourceTree = "<group>"; };
		F1C6D6E018B2E29500129552 /* KlinicSlabLightIt.otf */ = {isa = PBXFileReference; lastKnownFileType = file; path = KlinicSlabLightIt.otf; sourceTree = "<group>"; };
		F1C6D6E118B2E29500129552 /* KlinicSlabMedium.otf */ = {isa = PBXFileReference; lastKnownFileType = file; path = KlinicSlabMedium.otf; sourceTree = "<group>"; };
		F1C6D6E218B2E29500129552 /* KlinicSlabMediumIt.otf */ = {isa = PBXFileReference; lastKnownFileType = file; path = KlinicSlabMediumIt.otf; sourceTree = "<group>"; };
		F1C6D6E318B2E29500129552 /* Personal Use License.txt */ = {isa = PBXFileReference; fileEncoding = 4; lastKnownFileType = text; path = "Personal Use License.txt"; sourceTree = "<group>"; };
		F1C6D6EE18B2F34300129552 /* EntityDetailViewController.h */ = {isa = PBXFileReference; fileEncoding = 4; lastKnownFileType = sourcecode.c.h; name = EntityDetailViewController.h; path = "View Controllers/Entities/EntityDetailViewController.h"; sourceTree = "<group>"; };
		F1C6D6EF18B2F34300129552 /* EntityDetailViewController.m */ = {isa = PBXFileReference; fileEncoding = 4; lastKnownFileType = sourcecode.c.objc; name = EntityDetailViewController.m; path = "View Controllers/Entities/EntityDetailViewController.m"; sourceTree = "<group>"; };
		F1C6D6F118B2F4AC00129552 /* Entity.h */ = {isa = PBXFileReference; fileEncoding = 4; lastKnownFileType = sourcecode.c.h; name = Entity.h; path = Classes/Models/Entity.h; sourceTree = "<group>"; };
		F1C6D6F218B2F4AC00129552 /* Entity.m */ = {isa = PBXFileReference; fileEncoding = 4; lastKnownFileType = sourcecode.c.objc; name = Entity.m; path = Classes/Models/Entity.m; sourceTree = "<group>"; };
		F1C6D6F418B2F4AC00129552 /* Event.h */ = {isa = PBXFileReference; fileEncoding = 4; lastKnownFileType = sourcecode.c.h; name = Event.h; path = Classes/Models/Event.h; sourceTree = "<group>"; };
		F1C6D6F518B2F4AC00129552 /* Event.m */ = {isa = PBXFileReference; fileEncoding = 4; lastKnownFileType = sourcecode.c.objc; name = Event.m; path = Classes/Models/Event.m; sourceTree = "<group>"; };
		F1C6D6F718B2F4AC00129552 /* Story.h */ = {isa = PBXFileReference; fileEncoding = 4; lastKnownFileType = sourcecode.c.h; name = Story.h; path = Classes/Models/Story.h; sourceTree = "<group>"; };
		F1C6D6F818B2F4AC00129552 /* Story.m */ = {isa = PBXFileReference; fileEncoding = 4; lastKnownFileType = sourcecode.c.objc; name = Story.m; path = Classes/Models/Story.m; sourceTree = "<group>"; };
		F1C6D6FA18B2F4AC00129552 /* Article.h */ = {isa = PBXFileReference; fileEncoding = 4; lastKnownFileType = sourcecode.c.h; name = Article.h; path = Classes/Models/Article.h; sourceTree = "<group>"; };
		F1C6D6FB18B2F4AC00129552 /* Article.m */ = {isa = PBXFileReference; fileEncoding = 4; lastKnownFileType = sourcecode.c.objc; name = Article.m; path = Classes/Models/Article.m; sourceTree = "<group>"; };
/* End PBXFileReference section */

/* Begin PBXFrameworksBuildPhase section */
		F1405C1D18973C4C00A4819D /* Frameworks */ = {
			isa = PBXFrameworksBuildPhase;
			buildActionMask = 2147483647;
			files = (
				F14603B418A41FB100A85E0F /* SystemConfiguration.framework in Frameworks */,
				F1405C2618973C4C00A4819D /* CoreGraphics.framework in Frameworks */,
				F1405C2818973C4C00A4819D /* UIKit.framework in Frameworks */,
				F1405C2418973C4C00A4819D /* Foundation.framework in Frameworks */,
				F6F156ABA0F24BC79905B54D /* libPods.a in Frameworks */,
			);
			runOnlyForDeploymentPostprocessing = 0;
		};
		F1405C3818973C4C00A4819D /* Frameworks */ = {
			isa = PBXFrameworksBuildPhase;
			buildActionMask = 2147483647;
			files = (
				F1405C3D18973C4C00A4819D /* XCTest.framework in Frameworks */,
				F1405C3F18973C4C00A4819D /* UIKit.framework in Frameworks */,
				F1405C3E18973C4C00A4819D /* Foundation.framework in Frameworks */,
			);
			runOnlyForDeploymentPostprocessing = 0;
		};
/* End PBXFrameworksBuildPhase section */

/* Begin PBXGroup section */
		F1405C1718973C4C00A4819D = {
			isa = PBXGroup;
			children = (
				F1405C2918973C4C00A4819D /* Argos */,
				F1405C4218973C4C00A4819D /* ArgosTests */,
				F1405C2218973C4C00A4819D /* Frameworks */,
				F1405C2118973C4C00A4819D /* Products */,
				E8A5646DE71C4BB8A4462DA0 /* Pods.xcconfig */,
			);
			sourceTree = "<group>";
		};
		F1405C2118973C4C00A4819D /* Products */ = {
			isa = PBXGroup;
			children = (
				F1405C2018973C4C00A4819D /* Argos.app */,
				F1405C3B18973C4C00A4819D /* ArgosTests.xctest */,
			);
			name = Products;
			sourceTree = "<group>";
		};
		F1405C2218973C4C00A4819D /* Frameworks */ = {
			isa = PBXGroup;
			children = (
				F14603B318A41FB100A85E0F /* SystemConfiguration.framework */,
				F1405C2318973C4C00A4819D /* Foundation.framework */,
				F1405C2518973C4C00A4819D /* CoreGraphics.framework */,
				F1405C2718973C4C00A4819D /* UIKit.framework */,
				F1405C3C18973C4C00A4819D /* XCTest.framework */,
				4C8E5860754E44B8B98A352E /* libPods.a */,
			);
			name = Frameworks;
			sourceTree = "<group>";
		};
		F1405C2918973C4C00A4819D /* Argos */ = {
			isa = PBXGroup;
			children = (
				F12DD86318AB2291001AE4F9 /* ArgosModel.xcdatamodeld */,
				F1405C3218973C4C00A4819D /* AppDelegate.h */,
				F1405C3318973C4C00A4819D /* AppDelegate.m */,
				F162C0A618B6EB9600B38A15 /* defaultPrefs.plist */,
				F143295B18B30A7B00A76D97 /* SummaryTemplate.html */,
				F1601C0718ABDC3800C89590 /* ARObjectManager.h */,
				F1601C0818ABDC3800C89590 /* ARObjectManager.m */,
				F14603B518A4288400A85E0F /* ReachabilityManager.h */,
				F14603B618A4288400A85E0F /* ReachabilityManager.m */,
				F1C6D6C918B2C3A600129552 /* UIColor+ArgosColors.h */,
				F1C6D6CA18B2C3A600129552 /* UIColor+ArgosColors.m */,
				F1C6D6CC18B2CE7D00129552 /* NSDate+DateUtils.h */,
				F1C6D6CD18B2CE7D00129552 /* NSDate+DateUtils.m */,
				F1C11DE318A6FE56007F2B47 /* View Controllers */,
				F1D8FD4818A5EE00003201BF /* Classes */,
				F1405C3518973C4C00A4819D /* Images.xcassets */,
				F1C6D6D918B2E29500129552 /* Fonts */,
				F1405C2A18973C4C00A4819D /* Supporting Files */,
			);
			path = Argos;
			sourceTree = "<group>";
		};
		F1405C2A18973C4C00A4819D /* Supporting Files */ = {
			isa = PBXGroup;
			children = (
				F1405C2B18973C4C00A4819D /* Argos-Info.plist */,
				F1405C2C18973C4C00A4819D /* InfoPlist.strings */,
				F1405C2F18973C4C00A4819D /* main.m */,
				F1405C3118973C4C00A4819D /* Argos-Prefix.pch */,
			);
			name = "Supporting Files";
			sourceTree = "<group>";
		};
		F1405C4218973C4C00A4819D /* ArgosTests */ = {
			isa = PBXGroup;
			children = (
				F1405C4818973C4C00A4819D /* ArgosTests.m */,
				F1405C4318973C4C00A4819D /* Supporting Files */,
			);
			path = ArgosTests;
			sourceTree = "<group>";
		};
		F1405C4318973C4C00A4819D /* Supporting Files */ = {
			isa = PBXGroup;
			children = (
				F1405C4418973C4C00A4819D /* ArgosTests-Info.plist */,
				F1405C4518973C4C00A4819D /* InfoPlist.strings */,
			);
			name = "Supporting Files";
			sourceTree = "<group>";
		};
		F1601C0518AB5A1B00C89590 /* UI */ = {
			isa = PBXGroup;
			children = (
				F1601C3118ADBA9500C89590 /* ARDetailViewController.h */,
				F1601C3218ADBA9500C89590 /* ARDetailViewController.m */,
				F16148CF18B5278700948933 /* ARShareViewController.h */,
				F16148D018B5278700948933 /* ARShareViewController.m */,
				F16148D218B53AF100948933 /* ARFontViewController.h */,
				F16148D318B53AF100948933 /* ARFontViewController.m */,
				F143295D18B30FF500A76D97 /* ARScrollView.h */,
				F143295E18B30FF500A76D97 /* ARScrollView.m */,
				F1601C3318ADBA9500C89590 /* AREmbeddedTableView.h */,
				F1601C3418ADBA9500C89590 /* AREmbeddedTableView.m */,
				F1601C3518ADBA9500C89590 /* ARTableViewCell.h */,
				F1601C3618ADBA9500C89590 /* ARTableViewCell.m */,
				F1601C3718ADBA9500C89590 /* ARSectionHeaderView.h */,
				F1601C3818ADBA9500C89590 /* ARSectionHeaderView.m */,
				F1601C3918ADBA9500C89590 /* ARSummaryView.h */,
				F1601C3A18ADBA9500C89590 /* ARSummaryView.m */,
				F1601C3B18ADBA9500C89590 /* ARTextButton.h */,
				F1601C3C18ADBA9500C89590 /* ARTextButton.m */,
			);
			name = UI;
			sourceTree = "<group>";
		};
		F1601C0618ABDC2300C89590 /* Models */ = {
			isa = PBXGroup;
			children = (
				F162C0AB18B986A900B38A15 /* Source.h */,
				F162C0AC18B986A900B38A15 /* Source.m */,
				F16148EF18B6728D00948933 /* CurrentUser.h */,
				F16148F018B6728D00948933 /* CurrentUser.m */,
				F1C6D6FA18B2F4AC00129552 /* Article.h */,
				F1C6D6FB18B2F4AC00129552 /* Article.m */,
				F1C6D6F718B2F4AC00129552 /* Story.h */,
				F1C6D6F818B2F4AC00129552 /* Story.m */,
				F1C6D6F418B2F4AC00129552 /* Event.h */,
				F1C6D6F518B2F4AC00129552 /* Event.m */,
				F1C6D6F118B2F4AC00129552 /* Entity.h */,
				F1C6D6F218B2F4AC00129552 /* Entity.m */,
			);
			name = Models;
			sourceTree = "<group>";
		};
		F16148CB18B3DEAE00948933 /* Articles */ = {
			isa = PBXGroup;
			children = (
				F16148CC18B3E6A800948933 /* ArticleWebViewController.h */,
				F16148CD18B3E6A800948933 /* ArticleWebViewController.m */,
			);
			name = Articles;
			sourceTree = "<group>";
		};
		F1C11DE318A6FE56007F2B47 /* View Controllers */ = {
			isa = PBXGroup;
			children = (
				F1601C2218ADBA7400C89590 /* LoginViewController.h */,
				F1601C2318ADBA7400C89590 /* LoginViewController.m */,
				F1601C2418ADBA7400C89590 /* MenuViewController.h */,
				F1601C2518ADBA7400C89590 /* MenuViewController.m */,
				F16148CB18B3DEAE00948933 /* Articles */,
				F1C6D6ED18B2F32A00129552 /* Entities */,
				F1C11DF618A7639A007F2B47 /* Stories */,
				F1C11DF518A7638C007F2B47 /* Events */,
			);
			name = "View Controllers";
			sourceTree = "<group>";
		};
		F1C11DF518A7638C007F2B47 /* Events */ = {
			isa = PBXGroup;
			children = (
				F1601C2B18ADBA7F00C89590 /* EventListViewController.h */,
				F1601C2918ADBA7F00C89590 /* EventListViewController.m */,
				F1601C2A18ADBA7F00C89590 /* EventDetailViewController.h */,
				F1601C2818ADBA7F00C89590 /* EventDetailViewController.m */,
			);
			name = Events;
			sourceTree = "<group>";
		};
		F1C11DF618A7639A007F2B47 /* Stories */ = {
			isa = PBXGroup;
			children = (
				F1601C2E18ADBA8800C89590 /* StoryDetailViewController.h */,
				F1601C2F18ADBA8800C89590 /* StoryDetailViewController.m */,
			);
			name = Stories;
			sourceTree = "<group>";
		};
		F1C6D6D918B2E29500129552 /* Fonts */ = {
			isa = PBXGroup;
			children = (
				F1C6D6DA18B2E29500129552 /* klinic */,
			);
			path = Fonts;
			sourceTree = "<group>";
		};
		F1C6D6DA18B2E29500129552 /* klinic */ = {
			isa = PBXGroup;
			children = (
				F1C6D6DB18B2E29500129552 /* KlinicSlabBold.otf */,
				F1C6D6DC18B2E29500129552 /* KlinicSlabBoldIt.otf */,
				F1C6D6DD18B2E29500129552 /* KlinicSlabBook.otf */,
				F1C6D6DE18B2E29500129552 /* KlinicSlabBookIt.otf */,
				F1C6D6DF18B2E29500129552 /* KlinicSlabLight.otf */,
				F1C6D6E018B2E29500129552 /* KlinicSlabLightIt.otf */,
				F1C6D6E118B2E29500129552 /* KlinicSlabMedium.otf */,
				F1C6D6E218B2E29500129552 /* KlinicSlabMediumIt.otf */,
				F1C6D6E318B2E29500129552 /* Personal Use License.txt */,
			);
			path = klinic;
			sourceTree = "<group>";
		};
		F1C6D6ED18B2F32A00129552 /* Entities */ = {
			isa = PBXGroup;
			children = (
				F1C6D6EE18B2F34300129552 /* EntityDetailViewController.h */,
				F1C6D6EF18B2F34300129552 /* EntityDetailViewController.m */,
			);
			name = Entities;
			sourceTree = "<group>";
		};
		F1D8FD4818A5EE00003201BF /* Classes */ = {
			isa = PBXGroup;
			children = (
				F1601C0618ABDC2300C89590 /* Models */,
				F1601C0518AB5A1B00C89590 /* UI */,
			);
			name = Classes;
			sourceTree = "<group>";
		};
/* End PBXGroup section */

/* Begin PBXNativeTarget section */
		F1405C1F18973C4C00A4819D /* Argos */ = {
			isa = PBXNativeTarget;
			buildConfigurationList = F1405C4C18973C4C00A4819D /* Build configuration list for PBXNativeTarget "Argos" */;
			buildPhases = (
				EB1D7606B2DF41109219A945 /* Check Pods Manifest.lock */,
				F1405C1C18973C4C00A4819D /* Sources */,
				F1405C1D18973C4C00A4819D /* Frameworks */,
				F1405C1E18973C4C00A4819D /* Resources */,
				0CD919ACA0434EDAB0E302B0 /* Copy Pods Resources */,
			);
			buildRules = (
			);
			dependencies = (
			);
			name = Argos;
			productName = Argos;
			productReference = F1405C2018973C4C00A4819D /* Argos.app */;
			productType = "com.apple.product-type.application";
		};
		F1405C3A18973C4C00A4819D /* ArgosTests */ = {
			isa = PBXNativeTarget;
			buildConfigurationList = F1405C4F18973C4C00A4819D /* Build configuration list for PBXNativeTarget "ArgosTests" */;
			buildPhases = (
				F1405C3718973C4C00A4819D /* Sources */,
				F1405C3818973C4C00A4819D /* Frameworks */,
				F1405C3918973C4C00A4819D /* Resources */,
			);
			buildRules = (
			);
			dependencies = (
				F1405C4118973C4C00A4819D /* PBXTargetDependency */,
			);
			name = ArgosTests;
			productName = ArgosTests;
			productReference = F1405C3B18973C4C00A4819D /* ArgosTests.xctest */;
			productType = "com.apple.product-type.bundle.unit-test";
		};
/* End PBXNativeTarget section */

/* Begin PBXProject section */
		F1405C1818973C4C00A4819D /* Project object */ = {
			isa = PBXProject;
			attributes = {
				LastUpgradeCheck = 0500;
				ORGANIZATIONNAME = Argos;
				TargetAttributes = {
					F1405C1F18973C4C00A4819D = {
						DevelopmentTeam = T26C3YG636;
					};
					F1405C3A18973C4C00A4819D = {
						TestTargetID = F1405C1F18973C4C00A4819D;
					};
				};
			};
			buildConfigurationList = F1405C1B18973C4C00A4819D /* Build configuration list for PBXProject "Argos" */;
			compatibilityVersion = "Xcode 3.2";
			developmentRegion = English;
			hasScannedForEncodings = 0;
			knownRegions = (
				en,
			);
			mainGroup = F1405C1718973C4C00A4819D;
			productRefGroup = F1405C2118973C4C00A4819D /* Products */;
			projectDirPath = "";
			projectRoot = "";
			targets = (
				F1405C1F18973C4C00A4819D /* Argos */,
				F1405C3A18973C4C00A4819D /* ArgosTests */,
			);
		};
/* End PBXProject section */

/* Begin PBXResourcesBuildPhase section */
		F1405C1E18973C4C00A4819D /* Resources */ = {
			isa = PBXResourcesBuildPhase;
			buildActionMask = 2147483647;
			files = (
				F1405C2E18973C4C00A4819D /* InfoPlist.strings in Resources */,
				F143295C18B30A7B00A76D97 /* SummaryTemplate.html in Resources */,
				F1C6D6EB18B2E29500129552 /* KlinicSlabMediumIt.otf in Resources */,
				F1C6D6E518B2E29500129552 /* KlinicSlabBoldIt.otf in Resources */,
				F1C6D6EA18B2E29500129552 /* KlinicSlabMedium.otf in Resources */,
				F1C6D6EC18B2E29500129552 /* Personal Use License.txt in Resources */,
				F1C6D6E618B2E29500129552 /* KlinicSlabBook.otf in Resources */,
				F1C6D6E418B2E29500129552 /* KlinicSlabBold.otf in Resources */,
				F1405C3618973C4C00A4819D /* Images.xcassets in Resources */,
				F1C6D6E918B2E29500129552 /* KlinicSlabLightIt.otf in Resources */,
				F162C0A718B6EB9600B38A15 /* defaultPrefs.plist in Resources */,
				F1C6D6E818B2E29500129552 /* KlinicSlabLight.otf in Resources */,
				F1C6D6E718B2E29500129552 /* KlinicSlabBookIt.otf in Resources */,
			);
			runOnlyForDeploymentPostprocessing = 0;
		};
		F1405C3918973C4C00A4819D /* Resources */ = {
			isa = PBXResourcesBuildPhase;
			buildActionMask = 2147483647;
			files = (
				F1405C4718973C4C00A4819D /* InfoPlist.strings in Resources */,
			);
			runOnlyForDeploymentPostprocessing = 0;
		};
/* End PBXResourcesBuildPhase section */

/* Begin PBXShellScriptBuildPhase section */
		0CD919ACA0434EDAB0E302B0 /* Copy Pods Resources */ = {
			isa = PBXShellScriptBuildPhase;
			buildActionMask = 2147483647;
			files = (
			);
			inputPaths = (
			);
			name = "Copy Pods Resources";
			outputPaths = (
			);
			runOnlyForDeploymentPostprocessing = 0;
			shellPath = /bin/sh;
			shellScript = "\"${SRCROOT}/Pods/Pods-resources.sh\"\n";
			showEnvVarsInLog = 0;
		};
		EB1D7606B2DF41109219A945 /* Check Pods Manifest.lock */ = {
			isa = PBXShellScriptBuildPhase;
			buildActionMask = 2147483647;
			files = (
			);
			inputPaths = (
			);
			name = "Check Pods Manifest.lock";
			outputPaths = (
			);
			runOnlyForDeploymentPostprocessing = 0;
			shellPath = /bin/sh;
			shellScript = "diff \"${PODS_ROOT}/../Podfile.lock\" \"${PODS_ROOT}/Manifest.lock\" > /dev/null\nif [[ $? != 0 ]] ; then\n    cat << EOM\nerror: The sandbox is not in sync with the Podfile.lock. Run 'pod install' or update your CocoaPods installation.\nEOM\n    exit 1\nfi\n";
			showEnvVarsInLog = 0;
		};
/* End PBXShellScriptBuildPhase section */

/* Begin PBXSourcesBuildPhase section */
		F1405C1C18973C4C00A4819D /* Sources */ = {
			isa = PBXSourcesBuildPhase;
			buildActionMask = 2147483647;
			files = (
				F16148CE18B3E6A800948933 /* ArticleWebViewController.m in Sources */,
				F1601C3E18ADBA9500C89590 /* AREmbeddedTableView.m in Sources */,
				F1405C3418973C4C00A4819D /* AppDelegate.m in Sources */,
				F1601C4218ADBA9500C89590 /* ARTextButton.m in Sources */,
				F1C6D6F918B2F4AC00129552 /* Story.m in Sources */,
				F14603B718A4288400A85E0F /* ReachabilityManager.m in Sources */,
				F16148F118B6728D00948933 /* CurrentUser.m in Sources */,
				F1C6D6F018B2F34300129552 /* EntityDetailViewController.m in Sources */,
				F1601C4018ADBA9500C89590 /* ARSectionHeaderView.m in Sources */,
				F1405C3018973C4C00A4819D /* main.m in Sources */,
				F162C0AD18B986A900B38A15 /* Source.m in Sources */,
				F1C6D6CB18B2C3A600129552 /* UIColor+ArgosColors.m in Sources */,
				F12DD86518AB2291001AE4F9 /* ArgosModel.xcdatamodeld in Sources */,
				F1601C2C18ADBA7F00C89590 /* EventDetailViewController.m in Sources */,
				F1601C3F18ADBA9500C89590 /* ARTableViewCell.m in Sources */,
				F1C6D6F618B2F4AC00129552 /* Event.m in Sources */,
				F1601C2618ADBA7400C89590 /* LoginViewController.m in Sources */,
				F143295F18B30FF500A76D97 /* ARScrollView.m in Sources */,
				F1601C0918ABDC3800C89590 /* ARObjectManager.m in Sources */,
				F1C6D6FC18B2F4AC00129552 /* Article.m in Sources */,
				F1601C2D18ADBA7F00C89590 /* EventListViewController.m in Sources */,
				F16148D118B5278700948933 /* ARShareViewController.m in Sources */,
				F1601C3018ADBA8800C89590 /* StoryDetailViewController.m in Sources */,
				F1601C3D18ADBA9500C89590 /* ARDetailViewController.m in Sources */,
				F1C6D6F318B2F4AC00129552 /* Entity.m in Sources */,
				F1601C4118ADBA9500C89590 /* ARSummaryView.m in Sources */,
				F1C6D6CE18B2CE7D00129552 /* NSDate+DateUtils.m in Sources */,
				F1601C2718ADBA7400C89590 /* MenuViewController.m in Sources */,
				F16148D418B53AF100948933 /* ARFontViewController.m in Sources */,
			);
			runOnlyForDeploymentPostprocessing = 0;
		};
		F1405C3718973C4C00A4819D /* Sources */ = {
			isa = PBXSourcesBuildPhase;
			buildActionMask = 2147483647;
			files = (
				F1405C4918973C4C00A4819D /* ArgosTests.m in Sources */,
			);
			runOnlyForDeploymentPostprocessing = 0;
		};
/* End PBXSourcesBuildPhase section */

/* Begin PBXTargetDependency section */
		F1405C4118973C4C00A4819D /* PBXTargetDependency */ = {
			isa = PBXTargetDependency;
			target = F1405C1F18973C4C00A4819D /* Argos */;
			targetProxy = F1405C4018973C4C00A4819D /* PBXContainerItemProxy */;
		};
/* End PBXTargetDependency section */

/* Begin PBXVariantGroup section */
		F1405C2C18973C4C00A4819D /* InfoPlist.strings */ = {
			isa = PBXVariantGroup;
			children = (
				F1405C2D18973C4C00A4819D /* en */,
			);
			name = InfoPlist.strings;
			sourceTree = "<group>";
		};
		F1405C4518973C4C00A4819D /* InfoPlist.strings */ = {
			isa = PBXVariantGroup;
			children = (
				F1405C4618973C4C00A4819D /* en */,
			);
			name = InfoPlist.strings;
			sourceTree = "<group>";
		};
/* End PBXVariantGroup section */

/* Begin XCBuildConfiguration section */
		F1405C4A18973C4C00A4819D /* Debug */ = {
			isa = XCBuildConfiguration;
			buildSettings = {
				ALWAYS_SEARCH_USER_PATHS = NO;
				ARCHS = "$(ARCHS_STANDARD_INCLUDING_64_BIT)";
				CLANG_CXX_LANGUAGE_STANDARD = "gnu++0x";
				CLANG_CXX_LIBRARY = "libc++";
				CLANG_ENABLE_MODULES = YES;
				CLANG_ENABLE_OBJC_ARC = YES;
				CLANG_WARN_BOOL_CONVERSION = YES;
				CLANG_WARN_CONSTANT_CONVERSION = YES;
				CLANG_WARN_DIRECT_OBJC_ISA_USAGE = YES_ERROR;
				CLANG_WARN_EMPTY_BODY = YES;
				CLANG_WARN_ENUM_CONVERSION = YES;
				CLANG_WARN_INT_CONVERSION = YES;
				CLANG_WARN_OBJC_ROOT_CLASS = YES_ERROR;
				CLANG_WARN__DUPLICATE_METHOD_MATCH = YES;
				"CODE_SIGN_IDENTITY[sdk=iphoneos*]" = "iPhone Developer";
				COPY_PHASE_STRIP = NO;
				GCC_C_LANGUAGE_STANDARD = gnu99;
				GCC_DYNAMIC_NO_PIC = NO;
				GCC_OPTIMIZATION_LEVEL = 0;
				GCC_PREPROCESSOR_DEFINITIONS = (
					"DEBUG=1",
					"$(inherited)",
				);
				GCC_SYMBOLS_PRIVATE_EXTERN = NO;
				GCC_WARN_64_TO_32_BIT_CONVERSION = YES;
				GCC_WARN_ABOUT_RETURN_TYPE = YES_ERROR;
				GCC_WARN_UNDECLARED_SELECTOR = YES;
				GCC_WARN_UNINITIALIZED_AUTOS = YES;
				GCC_WARN_UNUSED_FUNCTION = YES;
				GCC_WARN_UNUSED_VARIABLE = YES;
				IPHONEOS_DEPLOYMENT_TARGET = 7.0;
				ONLY_ACTIVE_ARCH = YES;
				SDKROOT = iphoneos;
				TARGETED_DEVICE_FAMILY = "1,2";
			};
			name = Debug;
		};
		F1405C4B18973C4C00A4819D /* Release */ = {
			isa = XCBuildConfiguration;
			buildSettings = {
				ALWAYS_SEARCH_USER_PATHS = NO;
				ARCHS = "$(ARCHS_STANDARD_INCLUDING_64_BIT)";
				CLANG_CXX_LANGUAGE_STANDARD = "gnu++0x";
				CLANG_CXX_LIBRARY = "libc++";
				CLANG_ENABLE_MODULES = YES;
				CLANG_ENABLE_OBJC_ARC = YES;
				CLANG_WARN_BOOL_CONVERSION = YES;
				CLANG_WARN_CONSTANT_CONVERSION = YES;
				CLANG_WARN_DIRECT_OBJC_ISA_USAGE = YES_ERROR;
				CLANG_WARN_EMPTY_BODY = YES;
				CLANG_WARN_ENUM_CONVERSION = YES;
				CLANG_WARN_INT_CONVERSION = YES;
				CLANG_WARN_OBJC_ROOT_CLASS = YES_ERROR;
				CLANG_WARN__DUPLICATE_METHOD_MATCH = YES;
				"CODE_SIGN_IDENTITY[sdk=iphoneos*]" = "iPhone Developer";
				COPY_PHASE_STRIP = YES;
				ENABLE_NS_ASSERTIONS = NO;
				GCC_C_LANGUAGE_STANDARD = gnu99;
				GCC_WARN_64_TO_32_BIT_CONVERSION = YES;
				GCC_WARN_ABOUT_RETURN_TYPE = YES_ERROR;
				GCC_WARN_UNDECLARED_SELECTOR = YES;
				GCC_WARN_UNINITIALIZED_AUTOS = YES;
				GCC_WARN_UNUSED_FUNCTION = YES;
				GCC_WARN_UNUSED_VARIABLE = YES;
				IPHONEOS_DEPLOYMENT_TARGET = 7.0;
				SDKROOT = iphoneos;
				TARGETED_DEVICE_FAMILY = "1,2";
				VALIDATE_PRODUCT = YES;
			};
			name = Release;
		};
		F1405C4D18973C4C00A4819D /* Debug */ = {
			isa = XCBuildConfiguration;
			baseConfigurationReference = E8A5646DE71C4BB8A4462DA0 /* Pods.xcconfig */;
			buildSettings = {
				ASSETCATALOG_COMPILER_APPICON_NAME = AppIcon;
				ASSETCATALOG_COMPILER_LAUNCHIMAGE_NAME = LaunchImage;
				CODE_SIGN_IDENTITY = "iPhone Developer";
				"CODE_SIGN_IDENTITY[sdk=iphoneos*]" = "iPhone Developer";
				GCC_PRECOMPILE_PREFIX_HEADER = YES;
				GCC_PREFIX_HEADER = "Argos/Argos-Prefix.pch";
				INFOPLIST_FILE = "Argos/Argos-Info.plist";
				PRODUCT_NAME = "$(TARGET_NAME)";
				PROVISIONING_PROFILE = "";
				WRAPPER_EXTENSION = app;
			};
			name = Debug;
		};
		F1405C4E18973C4C00A4819D /* Release */ = {
			isa = XCBuildConfiguration;
			baseConfigurationReference = E8A5646DE71C4BB8A4462DA0 /* Pods.xcconfig */;
			buildSettings = {
				ASSETCATALOG_COMPILER_APPICON_NAME = AppIcon;
				ASSETCATALOG_COMPILER_LAUNCHIMAGE_NAME = LaunchImage;
				CODE_SIGN_IDENTITY = "iPhone Developer";
				"CODE_SIGN_IDENTITY[sdk=iphoneos*]" = "iPhone Developer";
				GCC_PRECOMPILE_PREFIX_HEADER = YES;
				GCC_PREFIX_HEADER = "Argos/Argos-Prefix.pch";
				INFOPLIST_FILE = "Argos/Argos-Info.plist";
				PRODUCT_NAME = "$(TARGET_NAME)";
				PROVISIONING_PROFILE = "";
				WRAPPER_EXTENSION = app;
			};
			name = Release;
		};
		F1405C5018973C4C00A4819D /* Debug */ = {
			isa = XCBuildConfiguration;
			buildSettings = {
				ARCHS = "$(ARCHS_STANDARD_INCLUDING_64_BIT)";
				BUNDLE_LOADER = "$(BUILT_PRODUCTS_DIR)/Argos.app/Argos";
				FRAMEWORK_SEARCH_PATHS = (
					"$(SDKROOT)/Developer/Library/Frameworks",
					"$(inherited)",
					"$(DEVELOPER_FRAMEWORKS_DIR)",
				);
				GCC_PRECOMPILE_PREFIX_HEADER = YES;
				GCC_PREFIX_HEADER = "Argos/Argos-Prefix.pch";
				GCC_PREPROCESSOR_DEFINITIONS = (
					"DEBUG=1",
					"$(inherited)",
				);
				INFOPLIST_FILE = "ArgosTests/ArgosTests-Info.plist";
				PRODUCT_NAME = "$(TARGET_NAME)";
				TEST_HOST = "$(BUNDLE_LOADER)";
				WRAPPER_EXTENSION = xctest;
			};
			name = Debug;
		};
		F1405C5118973C4C00A4819D /* Release */ = {
			isa = XCBuildConfiguration;
			buildSettings = {
				ARCHS = "$(ARCHS_STANDARD_INCLUDING_64_BIT)";
				BUNDLE_LOADER = "$(BUILT_PRODUCTS_DIR)/Argos.app/Argos";
				FRAMEWORK_SEARCH_PATHS = (
					"$(SDKROOT)/Developer/Library/Frameworks",
					"$(inherited)",
					"$(DEVELOPER_FRAMEWORKS_DIR)",
				);
				GCC_PRECOMPILE_PREFIX_HEADER = YES;
				GCC_PREFIX_HEADER = "Argos/Argos-Prefix.pch";
				INFOPLIST_FILE = "ArgosTests/ArgosTests-Info.plist";
				PRODUCT_NAME = "$(TARGET_NAME)";
				TEST_HOST = "$(BUNDLE_LOADER)";
				WRAPPER_EXTENSION = xctest;
			};
			name = Release;
		};
/* End XCBuildConfiguration section */

/* Begin XCConfigurationList section */
		F1405C1B18973C4C00A4819D /* Build configuration list for PBXProject "Argos" */ = {
			isa = XCConfigurationList;
			buildConfigurations = (
				F1405C4A18973C4C00A4819D /* Debug */,
				F1405C4B18973C4C00A4819D /* Release */,
			);
			defaultConfigurationIsVisible = 0;
			defaultConfigurationName = Release;
		};
		F1405C4C18973C4C00A4819D /* Build configuration list for PBXNativeTarget "Argos" */ = {
			isa = XCConfigurationList;
			buildConfigurations = (
				F1405C4D18973C4C00A4819D /* Debug */,
				F1405C4E18973C4C00A4819D /* Release */,
			);
			defaultConfigurationIsVisible = 0;
			defaultConfigurationName = Release;
		};
		F1405C4F18973C4C00A4819D /* Build configuration list for PBXNativeTarget "ArgosTests" */ = {
			isa = XCConfigurationList;
			buildConfigurations = (
				F1405C5018973C4C00A4819D /* Debug */,
				F1405C5118973C4C00A4819D /* Release */,
			);
			defaultConfigurationIsVisible = 0;
			defaultConfigurationName = Release;
		};
/* End XCConfigurationList section */

/* Begin XCVersionGroup section */
		F12DD86318AB2291001AE4F9 /* ArgosModel.xcdatamodeld */ = {
			isa = XCVersionGroup;
			children = (
				F12DD86418AB2291001AE4F9 /* ArgosModel.xcdatamodel */,
			);
			currentVersion = F12DD86418AB2291001AE4F9 /* ArgosModel.xcdatamodel */;
			path = ArgosModel.xcdatamodeld;
			sourceTree = "<group>";
			versionGroupType = wrapper.xcdatamodel;
		};
/* End XCVersionGroup section */
	};
	rootObject = F1405C1818973C4C00A4819D /* Project object */;
}
